// !$*UTF8*$!
{
	archiveVersion = 1;
	classes = {
	};
	objectVersion = 55;
	objects = {

/* Begin PBXBuildFile section */
		3E1D17F91BE0A358BB766648 /* Pods_jahez.framework in Frameworks */ = {isa = PBXBuildFile; fileRef = 003795F8D9782368D95A0D40 /* Pods_jahez.framework */; };
		4B3CE87327A1650C0069A19A /* UILabel+Extension.swift in Sources */ = {isa = PBXBuildFile; fileRef = 4B3CE87227A1650C0069A19A /* UILabel+Extension.swift */; };
		4B3CE87527A166EF0069A19A /* UIFont+Extension.swift in Sources */ = {isa = PBXBuildFile; fileRef = 4B3CE87427A166EF0069A19A /* UIFont+Extension.swift */; };
		4B3CE87927A1C2C90069A19A /* UIColor+Extension.swift in Sources */ = {isa = PBXBuildFile; fileRef = 4B3CE87827A1C2C90069A19A /* UIColor+Extension.swift */; };
		4B3CE87D27A1E5F00069A19A /* Data+Extension.swift in Sources */ = {isa = PBXBuildFile; fileRef = 4B3CE87C27A1E5F00069A19A /* Data+Extension.swift */; };
		4B3CE87F27A1E6310069A19A /* Dictionary+Extension.swift in Sources */ = {isa = PBXBuildFile; fileRef = 4B3CE87E27A1E6310069A19A /* Dictionary+Extension.swift */; };
		4B3CE88127A1E6480069A19A /* Encodable+Extension.swift in Sources */ = {isa = PBXBuildFile; fileRef = 4B3CE88027A1E6480069A19A /* Encodable+Extension.swift */; };
		4BC0A3DA27A08973009B2E18 /* AppDelegate.swift in Sources */ = {isa = PBXBuildFile; fileRef = 4BC0A3D927A08973009B2E18 /* AppDelegate.swift */; };
		4BC0A3DE27A08973009B2E18 /* HomeView.swift in Sources */ = {isa = PBXBuildFile; fileRef = 4BC0A3DD27A08973009B2E18 /* HomeView.swift */; };
		4BC0A3E327A08978009B2E18 /* Assets.xcassets in Resources */ = {isa = PBXBuildFile; fileRef = 4BC0A3E227A08978009B2E18 /* Assets.xcassets */; };
		4BC0A3E627A08978009B2E18 /* LaunchScreen.storyboard in Resources */ = {isa = PBXBuildFile; fileRef = 4BC0A3E427A08978009B2E18 /* LaunchScreen.storyboard */; };
		4BC0A3EE27A105AB009B2E18 /* UIView+Extension.swift in Sources */ = {isa = PBXBuildFile; fileRef = 4BC0A3ED27A105AB009B2E18 /* UIView+Extension.swift */; };
		4BC0A3F227A10869009B2E18 /* BaseView.swift in Sources */ = {isa = PBXBuildFile; fileRef = 4BC0A3F127A10869009B2E18 /* BaseView.swift */; };
		4BC0A3F627A108D5009B2E18 /* DetailsView.swift in Sources */ = {isa = PBXBuildFile; fileRef = 4BC0A3F527A108D5009B2E18 /* DetailsView.swift */; };
		4BC0A3F927A10944009B2E18 /* RestaurantCollectionViewCell.swift in Sources */ = {isa = PBXBuildFile; fileRef = 4BC0A3F827A10944009B2E18 /* RestaurantCollectionViewCell.swift */; };
		4BC0A3FC27A109F9009B2E18 /* Restaurant+Model.swift in Sources */ = {isa = PBXBuildFile; fileRef = 4BC0A3FB27A109F9009B2E18 /* Restaurant+Model.swift */; };
		4BC0A3FE27A10CCC009B2E18 /* UIImageView+Extension.swift in Sources */ = {isa = PBXBuildFile; fileRef = 4BC0A3FD27A10CCC009B2E18 /* UIImageView+Extension.swift */; };
		4BC0A40227A114BE009B2E18 /* Router.swift in Sources */ = {isa = PBXBuildFile; fileRef = 4BC0A40127A114BE009B2E18 /* Router.swift */; };
		4BC0A40427A114DE009B2E18 /* Restaurant+Router.swift in Sources */ = {isa = PBXBuildFile; fileRef = 4BC0A40327A114DE009B2E18 /* Restaurant+Router.swift */; };
		4BC0A40727A116EA009B2E18 /* ResponseStatus.swift in Sources */ = {isa = PBXBuildFile; fileRef = 4BC0A40627A116EA009B2E18 /* ResponseStatus.swift */; };
		4BC0A40927A11729009B2E18 /* Error+Model.swift in Sources */ = {isa = PBXBuildFile; fileRef = 4BC0A40827A11729009B2E18 /* Error+Model.swift */; };
		4BC0A40B27A11787009B2E18 /* MultiError+Model.swift in Sources */ = {isa = PBXBuildFile; fileRef = 4BC0A40A27A11787009B2E18 /* MultiError+Model.swift */; };
		4BC0A40D27A117F1009B2E18 /* NetworkService.swift in Sources */ = {isa = PBXBuildFile; fileRef = 4BC0A40C27A117F1009B2E18 /* NetworkService.swift */; };
		4BC0A40F27A11808009B2E18 /* Moya.swift in Sources */ = {isa = PBXBuildFile; fileRef = 4BC0A40E27A11808009B2E18 /* Moya.swift */; };
		4BC0A41427A11B9E009B2E18 /* Loader.swift in Sources */ = {isa = PBXBuildFile; fileRef = 4BC0A41327A11B9E009B2E18 /* Loader.swift */; };
		4BC0A41627A11E37009B2E18 /* StatusCode+Model.swift in Sources */ = {isa = PBXBuildFile; fileRef = 4BC0A41527A11E37009B2E18 /* StatusCode+Model.swift */; };
/* End PBXBuildFile section */

/* Begin PBXFileReference section */
		003795F8D9782368D95A0D40 /* Pods_jahez.framework */ = {isa = PBXFileReference; explicitFileType = wrapper.framework; includeInIndex = 0; path = Pods_jahez.framework; sourceTree = BUILT_PRODUCTS_DIR; };
		4B3CE87227A1650C0069A19A /* UILabel+Extension.swift */ = {isa = PBXFileReference; lastKnownFileType = sourcecode.swift; path = "UILabel+Extension.swift"; sourceTree = "<group>"; };
		4B3CE87427A166EF0069A19A /* UIFont+Extension.swift */ = {isa = PBXFileReference; lastKnownFileType = sourcecode.swift; path = "UIFont+Extension.swift"; sourceTree = "<group>"; };
		4B3CE87827A1C2C90069A19A /* UIColor+Extension.swift */ = {isa = PBXFileReference; lastKnownFileType = sourcecode.swift; path = "UIColor+Extension.swift"; sourceTree = "<group>"; };
		4B3CE87C27A1E5F00069A19A /* Data+Extension.swift */ = {isa = PBXFileReference; lastKnownFileType = sourcecode.swift; path = "Data+Extension.swift"; sourceTree = "<group>"; };
		4B3CE87E27A1E6310069A19A /* Dictionary+Extension.swift */ = {isa = PBXFileReference; lastKnownFileType = sourcecode.swift; path = "Dictionary+Extension.swift"; sourceTree = "<group>"; };
		4B3CE88027A1E6480069A19A /* Encodable+Extension.swift */ = {isa = PBXFileReference; lastKnownFileType = sourcecode.swift; path = "Encodable+Extension.swift"; sourceTree = "<group>"; };
		4BC0A3D627A08973009B2E18 /* jahez.app */ = {isa = PBXFileReference; explicitFileType = wrapper.application; includeInIndex = 0; path = jahez.app; sourceTree = BUILT_PRODUCTS_DIR; };
		4BC0A3D927A08973009B2E18 /* AppDelegate.swift */ = {isa = PBXFileReference; lastKnownFileType = sourcecode.swift; path = AppDelegate.swift; sourceTree = "<group>"; };
		4BC0A3DD27A08973009B2E18 /* HomeView.swift */ = {isa = PBXFileReference; lastKnownFileType = sourcecode.swift; path = HomeView.swift; sourceTree = "<group>"; };
		4BC0A3E227A08978009B2E18 /* Assets.xcassets */ = {isa = PBXFileReference; lastKnownFileType = folder.assetcatalog; path = Assets.xcassets; sourceTree = "<group>"; };
		4BC0A3E527A08978009B2E18 /* Base */ = {isa = PBXFileReference; lastKnownFileType = file.storyboard; name = Base; path = Base.lproj/LaunchScreen.storyboard; sourceTree = "<group>"; };
		4BC0A3E727A08978009B2E18 /* Info.plist */ = {isa = PBXFileReference; lastKnownFileType = text.plist.xml; path = Info.plist; sourceTree = "<group>"; };
		4BC0A3ED27A105AB009B2E18 /* UIView+Extension.swift */ = {isa = PBXFileReference; lastKnownFileType = sourcecode.swift; path = "UIView+Extension.swift"; sourceTree = "<group>"; };
		4BC0A3F127A10869009B2E18 /* BaseView.swift */ = {isa = PBXFileReference; lastKnownFileType = sourcecode.swift; path = BaseView.swift; sourceTree = "<group>"; };
		4BC0A3F527A108D5009B2E18 /* DetailsView.swift */ = {isa = PBXFileReference; lastKnownFileType = sourcecode.swift; path = DetailsView.swift; sourceTree = "<group>"; };
		4BC0A3F827A10944009B2E18 /* RestaurantCollectionViewCell.swift */ = {isa = PBXFileReference; lastKnownFileType = sourcecode.swift; path = RestaurantCollectionViewCell.swift; sourceTree = "<group>"; };
		4BC0A3FB27A109F9009B2E18 /* Restaurant+Model.swift */ = {isa = PBXFileReference; lastKnownFileType = sourcecode.swift; path = "Restaurant+Model.swift"; sourceTree = "<group>"; };
		4BC0A3FD27A10CCC009B2E18 /* UIImageView+Extension.swift */ = {isa = PBXFileReference; lastKnownFileType = sourcecode.swift; path = "UIImageView+Extension.swift"; sourceTree = "<group>"; };
		4BC0A40127A114BE009B2E18 /* Router.swift */ = {isa = PBXFileReference; lastKnownFileType = sourcecode.swift; path = Router.swift; sourceTree = "<group>"; };
		4BC0A40327A114DE009B2E18 /* Restaurant+Router.swift */ = {isa = PBXFileReference; lastKnownFileType = sourcecode.swift; path = "Restaurant+Router.swift"; sourceTree = "<group>"; };
		4BC0A40627A116EA009B2E18 /* ResponseStatus.swift */ = {isa = PBXFileReference; lastKnownFileType = sourcecode.swift; path = ResponseStatus.swift; sourceTree = "<group>"; };
		4BC0A40827A11729009B2E18 /* Error+Model.swift */ = {isa = PBXFileReference; lastKnownFileType = sourcecode.swift; path = "Error+Model.swift"; sourceTree = "<group>"; };
		4BC0A40A27A11787009B2E18 /* MultiError+Model.swift */ = {isa = PBXFileReference; lastKnownFileType = sourcecode.swift; path = "MultiError+Model.swift"; sourceTree = "<group>"; };
		4BC0A40C27A117F1009B2E18 /* NetworkService.swift */ = {isa = PBXFileReference; lastKnownFileType = sourcecode.swift; path = NetworkService.swift; sourceTree = "<group>"; };
		4BC0A40E27A11808009B2E18 /* Moya.swift */ = {isa = PBXFileReference; lastKnownFileType = sourcecode.swift; path = Moya.swift; sourceTree = "<group>"; };
		4BC0A41327A11B9E009B2E18 /* Loader.swift */ = {isa = PBXFileReference; lastKnownFileType = sourcecode.swift; path = Loader.swift; sourceTree = "<group>"; };
		4BC0A41527A11E37009B2E18 /* StatusCode+Model.swift */ = {isa = PBXFileReference; lastKnownFileType = sourcecode.swift; path = "StatusCode+Model.swift"; sourceTree = "<group>"; };
		57FCE7C2BF39F155CB9F45A8 /* Pods-jahez.debug.xcconfig */ = {isa = PBXFileReference; includeInIndex = 1; lastKnownFileType = text.xcconfig; name = "Pods-jahez.debug.xcconfig"; path = "Target Support Files/Pods-jahez/Pods-jahez.debug.xcconfig"; sourceTree = "<group>"; };
		6963B8F86E6BE7AC37CA1A2A /* Pods-jahez.release.xcconfig */ = {isa = PBXFileReference; includeInIndex = 1; lastKnownFileType = text.xcconfig; name = "Pods-jahez.release.xcconfig"; path = "Target Support Files/Pods-jahez/Pods-jahez.release.xcconfig"; sourceTree = "<group>"; };
/* End PBXFileReference section */

/* Begin PBXFrameworksBuildPhase section */
		4BC0A3D327A08973009B2E18 /* Frameworks */ = {
			isa = PBXFrameworksBuildPhase;
			buildActionMask = 2147483647;
			files = (
				3E1D17F91BE0A358BB766648 /* Pods_jahez.framework in Frameworks */,
			);
			runOnlyForDeploymentPostprocessing = 0;
		};
/* End PBXFrameworksBuildPhase section */

/* Begin PBXGroup section */
		210F543ACD45A91949E74EBE /* Pods */ = {
			isa = PBXGroup;
			children = (
				57FCE7C2BF39F155CB9F45A8 /* Pods-jahez.debug.xcconfig */,
				6963B8F86E6BE7AC37CA1A2A /* Pods-jahez.release.xcconfig */,
			);
			path = Pods;
			sourceTree = "<group>";
		};
		4B3CE87627A1C2890069A19A /* UIKit */ = {
			isa = PBXGroup;
			children = (
				4BC0A3ED27A105AB009B2E18 /* UIView+Extension.swift */,
				4BC0A3FD27A10CCC009B2E18 /* UIImageView+Extension.swift */,
				4B3CE87227A1650C0069A19A /* UILabel+Extension.swift */,
				4B3CE87427A166EF0069A19A /* UIFont+Extension.swift */,
				4B3CE87827A1C2C90069A19A /* UIColor+Extension.swift */,
			);
			path = UIKit;
			sourceTree = "<group>";
		};
		4B3CE87727A1C2A30069A19A /* Extensions */ = {
			isa = PBXGroup;
			children = (
				4B3CE87B27A1E5DE0069A19A /* Foundation */,
				4B3CE87627A1C2890069A19A /* UIKit */,
			);
			path = Extensions;
			sourceTree = "<group>";
		};
		4B3CE87A27A1E5860069A19A /* SupportingFiles */ = {
			isa = PBXGroup;
			children = (
				4BC0A3D927A08973009B2E18 /* AppDelegate.swift */,
				4BC0A3E227A08978009B2E18 /* Assets.xcassets */,
				4BC0A3E427A08978009B2E18 /* LaunchScreen.storyboard */,
				4BC0A3E727A08978009B2E18 /* Info.plist */,
			);
			path = SupportingFiles;
			sourceTree = "<group>";
		};
		4B3CE87B27A1E5DE0069A19A /* Foundation */ = {
			isa = PBXGroup;
			children = (
				4B3CE87C27A1E5F00069A19A /* Data+Extension.swift */,
				4B3CE87E27A1E6310069A19A /* Dictionary+Extension.swift */,
				4B3CE88027A1E6480069A19A /* Encodable+Extension.swift */,
			);
			path = Foundation;
			sourceTree = "<group>";
		};
		4BC0A3CD27A08973009B2E18 = {
			isa = PBXGroup;
			children = (
				4BC0A3D827A08973009B2E18 /* jahez */,
				4BC0A3D727A08973009B2E18 /* Products */,
				210F543ACD45A91949E74EBE /* Pods */,
				903073CD762D07947072CDAC /* Frameworks */,
			);
			sourceTree = "<group>";
		};
		4BC0A3D727A08973009B2E18 /* Products */ = {
			isa = PBXGroup;
			children = (
				4BC0A3D627A08973009B2E18 /* jahez.app */,
			);
			name = Products;
			sourceTree = "<group>";
		};
		4BC0A3D827A08973009B2E18 /* jahez */ = {
			isa = PBXGroup;
			children = (
				4B3CE87A27A1E5860069A19A /* SupportingFiles */,
				4BC0A3F327A10891009B2E18 /* PresenterLayer */,
				4BC0A3FA27A109D2009B2E18 /* DataLayer */,
				4B3CE87727A1C2A30069A19A /* Extensions */,
			);
			path = jahez;
			sourceTree = "<group>";
		};
		4BC0A3EF27A10852009B2E18 /* HomeView */ = {
			isa = PBXGroup;
			children = (
				4BC0A3F727A10912009B2E18 /* cells */,
				4BC0A3DD27A08973009B2E18 /* HomeView.swift */,
			);
			path = HomeView;
			sourceTree = "<group>";
		};
		4BC0A3F327A10891009B2E18 /* PresenterLayer */ = {
			isa = PBXGroup;
			children = (
				4BC0A41227A11B8B009B2E18 /* Base */,
				4BC0A3EF27A10852009B2E18 /* HomeView */,
				4BC0A3F427A108A2009B2E18 /* DetailsView */,
			);
			path = PresenterLayer;
			sourceTree = "<group>";
		};
		4BC0A3F427A108A2009B2E18 /* DetailsView */ = {
			isa = PBXGroup;
			children = (
				4BC0A3F527A108D5009B2E18 /* DetailsView.swift */,
			);
			path = DetailsView;
			sourceTree = "<group>";
		};
		4BC0A3F727A10912009B2E18 /* cells */ = {
			isa = PBXGroup;
			children = (
				4BC0A3F827A10944009B2E18 /* RestaurantCollectionViewCell.swift */,
			);
			path = cells;
			sourceTree = "<group>";
		};
		4BC0A3FA27A109D2009B2E18 /* DataLayer */ = {
			isa = PBXGroup;
			children = (
				4BC0A40527A116DD009B2E18 /* Networking */,
				4BC0A40027A114B5009B2E18 /* Router */,
				4BC0A3FF27A114AC009B2E18 /* Model */,
			);
			path = DataLayer;
			sourceTree = "<group>";
		};
		4BC0A3FF27A114AC009B2E18 /* Model */ = {
			isa = PBXGroup;
			children = (
				4BC0A3FB27A109F9009B2E18 /* Restaurant+Model.swift */,
				4BC0A40827A11729009B2E18 /* Error+Model.swift */,
				4BC0A40A27A11787009B2E18 /* MultiError+Model.swift */,
				4BC0A41527A11E37009B2E18 /* StatusCode+Model.swift */,
			);
			path = Model;
			sourceTree = "<group>";
		};
		4BC0A40027A114B5009B2E18 /* Router */ = {
			isa = PBXGroup;
			children = (
				4BC0A40127A114BE009B2E18 /* Router.swift */,
				4BC0A40327A114DE009B2E18 /* Restaurant+Router.swift */,
			);
			path = Router;
			sourceTree = "<group>";
		};
		4BC0A40527A116DD009B2E18 /* Networking */ = {
			isa = PBXGroup;
			children = (
				4BC0A40627A116EA009B2E18 /* ResponseStatus.swift */,
				4BC0A40C27A117F1009B2E18 /* NetworkService.swift */,
				4BC0A40E27A11808009B2E18 /* Moya.swift */,
			);
			path = Networking;
			sourceTree = "<group>";
		};
		4BC0A41227A11B8B009B2E18 /* Base */ = {
			isa = PBXGroup;
			children = (
				4BC0A3F127A10869009B2E18 /* BaseView.swift */,
				4BC0A41327A11B9E009B2E18 /* Loader.swift */,
			);
			path = Base;
			sourceTree = "<group>";
		};
		903073CD762D07947072CDAC /* Frameworks */ = {
			isa = PBXGroup;
			children = (
				003795F8D9782368D95A0D40 /* Pods_jahez.framework */,
			);
			name = Frameworks;
			sourceTree = "<group>";
		};
/* End PBXGroup section */

/* Begin PBXNativeTarget section */
		4BC0A3D527A08973009B2E18 /* jahez */ = {
			isa = PBXNativeTarget;
			buildConfigurationList = 4BC0A3EA27A08978009B2E18 /* Build configuration list for PBXNativeTarget "jahez" */;
			buildPhases = (
				E3A67E5E314FFE1F3E616CC7 /* [CP] Check Pods Manifest.lock */,
				4BC0A3D227A08973009B2E18 /* Sources */,
				4BC0A3D327A08973009B2E18 /* Frameworks */,
				4BC0A3D427A08973009B2E18 /* Resources */,
				7D765CB5F14189B56C0F10F3 /* [CP] Embed Pods Frameworks */,
			);
			buildRules = (
			);
			dependencies = (
			);
			name = jahez;
			productName = jahez;
			productReference = 4BC0A3D627A08973009B2E18 /* jahez.app */;
			productType = "com.apple.product-type.application";
		};
/* End PBXNativeTarget section */

/* Begin PBXProject section */
		4BC0A3CE27A08973009B2E18 /* Project object */ = {
			isa = PBXProject;
			attributes = {
				BuildIndependentTargetsInParallel = 1;
				LastSwiftUpdateCheck = 1300;
				LastUpgradeCheck = 1300;
				TargetAttributes = {
					4BC0A3D527A08973009B2E18 = {
						CreatedOnToolsVersion = 13.0;
					};
				};
			};
			buildConfigurationList = 4BC0A3D127A08973009B2E18 /* Build configuration list for PBXProject "jahez" */;
			compatibilityVersion = "Xcode 13.0";
			developmentRegion = en;
			hasScannedForEncodings = 0;
			knownRegions = (
				en,
				Base,
			);
			mainGroup = 4BC0A3CD27A08973009B2E18;
			productRefGroup = 4BC0A3D727A08973009B2E18 /* Products */;
			projectDirPath = "";
			projectRoot = "";
			targets = (
				4BC0A3D527A08973009B2E18 /* jahez */,
			);
		};
/* End PBXProject section */

/* Begin PBXResourcesBuildPhase section */
		4BC0A3D427A08973009B2E18 /* Resources */ = {
			isa = PBXResourcesBuildPhase;
			buildActionMask = 2147483647;
			files = (
				4BC0A3E627A08978009B2E18 /* LaunchScreen.storyboard in Resources */,
				4BC0A3E327A08978009B2E18 /* Assets.xcassets in Resources */,
			);
			runOnlyForDeploymentPostprocessing = 0;
		};
/* End PBXResourcesBuildPhase section */

/* Begin PBXShellScriptBuildPhase section */
		7D765CB5F14189B56C0F10F3 /* [CP] Embed Pods Frameworks */ = {
			isa = PBXShellScriptBuildPhase;
			buildActionMask = 2147483647;
			files = (
			);
			inputFileListPaths = (
				"${PODS_ROOT}/Target Support Files/Pods-jahez/Pods-jahez-frameworks-${CONFIGURATION}-input-files.xcfilelist",
			);
			name = "[CP] Embed Pods Frameworks";
			outputFileListPaths = (
				"${PODS_ROOT}/Target Support Files/Pods-jahez/Pods-jahez-frameworks-${CONFIGURATION}-output-files.xcfilelist",
			);
			runOnlyForDeploymentPostprocessing = 0;
			shellPath = /bin/sh;
			shellScript = "\"${PODS_ROOT}/Target Support Files/Pods-jahez/Pods-jahez-frameworks.sh\"\n";
			showEnvVarsInLog = 0;
		};
		E3A67E5E314FFE1F3E616CC7 /* [CP] Check Pods Manifest.lock */ = {
			isa = PBXShellScriptBuildPhase;
			buildActionMask = 2147483647;
			files = (
			);
			inputFileListPaths = (
			);
			inputPaths = (
				"${PODS_PODFILE_DIR_PATH}/Podfile.lock",
				"${PODS_ROOT}/Manifest.lock",
			);
			name = "[CP] Check Pods Manifest.lock";
			outputFileListPaths = (
			);
			outputPaths = (
				"$(DERIVED_FILE_DIR)/Pods-jahez-checkManifestLockResult.txt",
			);
			runOnlyForDeploymentPostprocessing = 0;
			shellPath = /bin/sh;
			shellScript = "diff \"${PODS_PODFILE_DIR_PATH}/Podfile.lock\" \"${PODS_ROOT}/Manifest.lock\" > /dev/null\nif [ $? != 0 ] ; then\n    # print error to STDERR\n    echo \"error: The sandbox is not in sync with the Podfile.lock. Run 'pod install' or update your CocoaPods installation.\" >&2\n    exit 1\nfi\n# This output is used by Xcode 'outputs' to avoid re-running this script phase.\necho \"SUCCESS\" > \"${SCRIPT_OUTPUT_FILE_0}\"\n";
			showEnvVarsInLog = 0;
		};
/* End PBXShellScriptBuildPhase section */

/* Begin PBXSourcesBuildPhase section */
		4BC0A3D227A08973009B2E18 /* Sources */ = {
			isa = PBXSourcesBuildPhase;
			buildActionMask = 2147483647;
			files = (
				4BC0A3FC27A109F9009B2E18 /* Restaurant+Model.swift in Sources */,
				4B3CE88127A1E6480069A19A /* Encodable+Extension.swift in Sources */,
				4B3CE87527A166EF0069A19A /* UIFont+Extension.swift in Sources */,
				4BC0A40427A114DE009B2E18 /* Restaurant+Router.swift in Sources */,
				4BC0A3EE27A105AB009B2E18 /* UIView+Extension.swift in Sources */,
				4BC0A3FE27A10CCC009B2E18 /* UIImageView+Extension.swift in Sources */,
				4B3CE87F27A1E6310069A19A /* Dictionary+Extension.swift in Sources */,
				4BC0A3F627A108D5009B2E18 /* DetailsView.swift in Sources */,
				4BC0A40727A116EA009B2E18 /* ResponseStatus.swift in Sources */,
				4BC0A40D27A117F1009B2E18 /* NetworkService.swift in Sources */,
				4B3CE87D27A1E5F00069A19A /* Data+Extension.swift in Sources */,
				4BC0A40227A114BE009B2E18 /* Router.swift in Sources */,
				4B3CE87327A1650C0069A19A /* UILabel+Extension.swift in Sources */,
				4BC0A3DE27A08973009B2E18 /* HomeView.swift in Sources */,
				4BC0A3F927A10944009B2E18 /* RestaurantCollectionViewCell.swift in Sources */,
				4BC0A41627A11E37009B2E18 /* StatusCode+Model.swift in Sources */,
				4BC0A40F27A11808009B2E18 /* Moya.swift in Sources */,
				4BC0A3DA27A08973009B2E18 /* AppDelegate.swift in Sources */,
				4BC0A40B27A11787009B2E18 /* MultiError+Model.swift in Sources */,
				4BC0A40927A11729009B2E18 /* Error+Model.swift in Sources */,
				4BC0A41427A11B9E009B2E18 /* Loader.swift in Sources */,
				4BC0A3F227A10869009B2E18 /* BaseView.swift in Sources */,
				4B3CE87927A1C2C90069A19A /* UIColor+Extension.swift in Sources */,
			);
			runOnlyForDeploymentPostprocessing = 0;
		};
/* End PBXSourcesBuildPhase section */

/* Begin PBXVariantGroup section */
		4BC0A3E427A08978009B2E18 /* LaunchScreen.storyboard */ = {
			isa = PBXVariantGroup;
			children = (
				4BC0A3E527A08978009B2E18 /* Base */,
			);
			name = LaunchScreen.storyboard;
			sourceTree = "<group>";
		};
/* End PBXVariantGroup section */

/* Begin XCBuildConfiguration section */
		4BC0A3E827A08978009B2E18 /* Debug */ = {
			isa = XCBuildConfiguration;
			buildSettings = {
				ALWAYS_SEARCH_USER_PATHS = NO;
				CLANG_ANALYZER_NONNULL = YES;
				CLANG_ANALYZER_NUMBER_OBJECT_CONVERSION = YES_AGGRESSIVE;
				CLANG_CXX_LANGUAGE_STANDARD = "gnu++17";
				CLANG_CXX_LIBRARY = "libc++";
				CLANG_ENABLE_MODULES = YES;
				CLANG_ENABLE_OBJC_ARC = YES;
				CLANG_ENABLE_OBJC_WEAK = YES;
				CLANG_WARN_BLOCK_CAPTURE_AUTORELEASING = YES;
				CLANG_WARN_BOOL_CONVERSION = YES;
				CLANG_WARN_COMMA = YES;
				CLANG_WARN_CONSTANT_CONVERSION = YES;
				CLANG_WARN_DEPRECATED_OBJC_IMPLEMENTATIONS = YES;
				CLANG_WARN_DIRECT_OBJC_ISA_USAGE = YES_ERROR;
				CLANG_WARN_DOCUMENTATION_COMMENTS = YES;
				CLANG_WARN_EMPTY_BODY = YES;
				CLANG_WARN_ENUM_CONVERSION = YES;
				CLANG_WARN_INFINITE_RECURSION = YES;
				CLANG_WARN_INT_CONVERSION = YES;
				CLANG_WARN_NON_LITERAL_NULL_CONVERSION = YES;
				CLANG_WARN_OBJC_IMPLICIT_RETAIN_SELF = YES;
				CLANG_WARN_OBJC_LITERAL_CONVERSION = YES;
				CLANG_WARN_OBJC_ROOT_CLASS = YES_ERROR;
				CLANG_WARN_QUOTED_INCLUDE_IN_FRAMEWORK_HEADER = YES;
				CLANG_WARN_RANGE_LOOP_ANALYSIS = YES;
				CLANG_WARN_STRICT_PROTOTYPES = YES;
				CLANG_WARN_SUSPICIOUS_MOVE = YES;
				CLANG_WARN_UNGUARDED_AVAILABILITY = YES_AGGRESSIVE;
				CLANG_WARN_UNREACHABLE_CODE = YES;
				CLANG_WARN__DUPLICATE_METHOD_MATCH = YES;
				COPY_PHASE_STRIP = NO;
				DEBUG_INFORMATION_FORMAT = dwarf;
				ENABLE_STRICT_OBJC_MSGSEND = YES;
				ENABLE_TESTABILITY = YES;
				GCC_C_LANGUAGE_STANDARD = gnu11;
				GCC_DYNAMIC_NO_PIC = NO;
				GCC_NO_COMMON_BLOCKS = YES;
				GCC_OPTIMIZATION_LEVEL = 0;
				GCC_PREPROCESSOR_DEFINITIONS = (
					"DEBUG=1",
					"$(inherited)",
				);
				GCC_WARN_64_TO_32_BIT_CONVERSION = YES;
				GCC_WARN_ABOUT_RETURN_TYPE = YES_ERROR;
				GCC_WARN_UNDECLARED_SELECTOR = YES;
				GCC_WARN_UNINITIALIZED_AUTOS = YES_AGGRESSIVE;
				GCC_WARN_UNUSED_FUNCTION = YES;
				GCC_WARN_UNUSED_VARIABLE = YES;
				IPHONEOS_DEPLOYMENT_TARGET = 15.0;
				MTL_ENABLE_DEBUG_INFO = INCLUDE_SOURCE;
				MTL_FAST_MATH = YES;
				ONLY_ACTIVE_ARCH = YES;
				SDKROOT = iphoneos;
				SWIFT_ACTIVE_COMPILATION_CONDITIONS = DEBUG;
				SWIFT_OPTIMIZATION_LEVEL = "-Onone";
			};
			name = Debug;
		};
		4BC0A3E927A08978009B2E18 /* Release */ = {
			isa = XCBuildConfiguration;
			buildSettings = {
				ALWAYS_SEARCH_USER_PATHS = NO;
				CLANG_ANALYZER_NONNULL = YES;
				CLANG_ANALYZER_NUMBER_OBJECT_CONVERSION = YES_AGGRESSIVE;
				CLANG_CXX_LANGUAGE_STANDARD = "gnu++17";
				CLANG_CXX_LIBRARY = "libc++";
				CLANG_ENABLE_MODULES = YES;
				CLANG_ENABLE_OBJC_ARC = YES;
				CLANG_ENABLE_OBJC_WEAK = YES;
				CLANG_WARN_BLOCK_CAPTURE_AUTORELEASING = YES;
				CLANG_WARN_BOOL_CONVERSION = YES;
				CLANG_WARN_COMMA = YES;
				CLANG_WARN_CONSTANT_CONVERSION = YES;
				CLANG_WARN_DEPRECATED_OBJC_IMPLEMENTATIONS = YES;
				CLANG_WARN_DIRECT_OBJC_ISA_USAGE = YES_ERROR;
				CLANG_WARN_DOCUMENTATION_COMMENTS = YES;
				CLANG_WARN_EMPTY_BODY = YES;
				CLANG_WARN_ENUM_CONVERSION = YES;
				CLANG_WARN_INFINITE_RECURSION = YES;
				CLANG_WARN_INT_CONVERSION = YES;
				CLANG_WARN_NON_LITERAL_NULL_CONVERSION = YES;
				CLANG_WARN_OBJC_IMPLICIT_RETAIN_SELF = YES;
				CLANG_WARN_OBJC_LITERAL_CONVERSION = YES;
				CLANG_WARN_OBJC_ROOT_CLASS = YES_ERROR;
				CLANG_WARN_QUOTED_INCLUDE_IN_FRAMEWORK_HEADER = YES;
				CLANG_WARN_RANGE_LOOP_ANALYSIS = YES;
				CLANG_WARN_STRICT_PROTOTYPES = YES;
				CLANG_WARN_SUSPICIOUS_MOVE = YES;
				CLANG_WARN_UNGUARDED_AVAILABILITY = YES_AGGRESSIVE;
				CLANG_WARN_UNREACHABLE_CODE = YES;
				CLANG_WARN__DUPLICATE_METHOD_MATCH = YES;
				COPY_PHASE_STRIP = NO;
				DEBUG_INFORMATION_FORMAT = "dwarf-with-dsym";
				ENABLE_NS_ASSERTIONS = NO;
				ENABLE_STRICT_OBJC_MSGSEND = YES;
				GCC_C_LANGUAGE_STANDARD = gnu11;
				GCC_NO_COMMON_BLOCKS = YES;
				GCC_WARN_64_TO_32_BIT_CONVERSION = YES;
				GCC_WARN_ABOUT_RETURN_TYPE = YES_ERROR;
				GCC_WARN_UNDECLARED_SELECTOR = YES;
				GCC_WARN_UNINITIALIZED_AUTOS = YES_AGGRESSIVE;
				GCC_WARN_UNUSED_FUNCTION = YES;
				GCC_WARN_UNUSED_VARIABLE = YES;
				IPHONEOS_DEPLOYMENT_TARGET = 15.0;
				MTL_ENABLE_DEBUG_INFO = NO;
				MTL_FAST_MATH = YES;
				SDKROOT = iphoneos;
				SWIFT_COMPILATION_MODE = wholemodule;
				SWIFT_OPTIMIZATION_LEVEL = "-O";
				VALIDATE_PRODUCT = YES;
			};
			name = Release;
		};
		4BC0A3EB27A08978009B2E18 /* Debug */ = {
			isa = XCBuildConfiguration;
			baseConfigurationReference = 57FCE7C2BF39F155CB9F45A8 /* Pods-jahez.debug.xcconfig */;
			buildSettings = {
				ASSETCATALOG_COMPILER_APPICON_NAME = AppIcon;
				ASSETCATALOG_COMPILER_GLOBAL_ACCENT_COLOR_NAME = AccentColor;
				CODE_SIGN_STYLE = Automatic;
				CURRENT_PROJECT_VERSION = 1;
				DEVELOPMENT_TEAM = 5PB8VC8J48;
				GENERATE_INFOPLIST_FILE = YES;
				INFOPLIST_FILE = jahez/SupportingFiles/Info.plist;
				INFOPLIST_KEY_UIApplicationSupportsIndirectInputEvents = YES;
				INFOPLIST_KEY_UILaunchStoryboardName = LaunchScreen;
				INFOPLIST_KEY_UISupportedInterfaceOrientations_iPad = "UIInterfaceOrientationPortrait UIInterfaceOrientationPortraitUpsideDown";
				INFOPLIST_KEY_UISupportedInterfaceOrientations_iPhone = UIInterfaceOrientationPortrait;
				IPHONEOS_DEPLOYMENT_TARGET = 14.0;
				LD_RUNPATH_SEARCH_PATHS = (
					"$(inherited)",
					"@executable_path/Frameworks",
				);
				MARKETING_VERSION = 1.0;
				PRODUCT_BUNDLE_IDENTIFIER = jahez.jahez;
				PRODUCT_NAME = "$(TARGET_NAME)";
				SWIFT_EMIT_LOC_STRINGS = YES;
				SWIFT_VERSION = 5.0;
				TARGETED_DEVICE_FAMILY = "1,2";
			};
			name = Debug;
		};
		4BC0A3EC27A08978009B2E18 /* Release */ = {
			isa = XCBuildConfiguration;
			baseConfigurationReference = 6963B8F86E6BE7AC37CA1A2A /* Pods-jahez.release.xcconfig */;
			buildSettings = {
				ASSETCATALOG_COMPILER_APPICON_NAME = AppIcon;
				ASSETCATALOG_COMPILER_GLOBAL_ACCENT_COLOR_NAME = AccentColor;
				CODE_SIGN_STYLE = Automatic;
				CURRENT_PROJECT_VERSION = 1;
				DEVELOPMENT_TEAM = 5PB8VC8J48;
				GENERATE_INFOPLIST_FILE = YES;
				INFOPLIST_FILE = jahez/SupportingFiles/Info.plist;
				INFOPLIST_KEY_UIApplicationSupportsIndirectInputEvents = YES;
				INFOPLIST_KEY_UILaunchStoryboardName = LaunchScreen;
				INFOPLIST_KEY_UISupportedInterfaceOrientations_iPad = "UIInterfaceOrientationPortrait UIInterfaceOrientationPortraitUpsideDown";
				INFOPLIST_KEY_UISupportedInterfaceOrientations_iPhone = UIInterfaceOrientationPortrait;
				IPHONEOS_DEPLOYMENT_TARGET = 14.0;
				LD_RUNPATH_SEARCH_PATHS = (
					"$(inherited)",
					"@executable_path/Frameworks",
				);
				MARKETING_VERSION = 1.0;
				PRODUCT_BUNDLE_IDENTIFIER = jahez.jahez;
				PRODUCT_NAME = "$(TARGET_NAME)";
				SWIFT_EMIT_LOC_STRINGS = YES;
				SWIFT_VERSION = 5.0;
				TARGETED_DEVICE_FAMILY = "1,2";
			};
			name = Release;
		};
/* End XCBuildConfiguration section */

/* Begin XCConfigurationList section */
		4BC0A3D127A08973009B2E18 /* Build configuration list for PBXProject "jahez" */ = {
			isa = XCConfigurationList;
			buildConfigurations = (
				4BC0A3E827A08978009B2E18 /* Debug */,
				4BC0A3E927A08978009B2E18 /* Release */,
			);
			defaultConfigurationIsVisible = 0;
			defaultConfigurationName = Release;
		};
		4BC0A3EA27A08978009B2E18 /* Build configuration list for PBXNativeTarget "jahez" */ = {
			isa = XCConfigurationList;
			buildConfigurations = (
				4BC0A3EB27A08978009B2E18 /* Debug */,
				4BC0A3EC27A08978009B2E18 /* Release */,
			);
			defaultConfigurationIsVisible = 0;
			defaultConfigurationName = Release;
		};
/* End XCConfigurationList section */
	};
	rootObject = 4BC0A3CE27A08973009B2E18 /* Project object */;
}
